# This file is automatically @generated by Cargo.
# It is not intended for manual editing.
version = 4

[[package]]
name = "nether"
version = "0.1.0"
dependencies = [
 "nether-core",
 "nether-frontend",
 "nether-semantics",
]

[[package]]
name = "nether-core"
version = "0.1.0"
dependencies = [
 "nether-frontend",
 "nether-semantics",
]

[[package]]
name = "nether-frontend"
version = "0.1.0"
dependencies = [
 "nether-semantics",
]

[[package]]
name = "nether-semantics"
version = "0.1.0"
